
Microsoft Visual Studio Solution File, Format Version 12.00
# Visual Studio Version 16
VisualStudioVersion = 16.0.31321.278
MinimumVisualStudioVersion = 10.0.40219.1
Project("{9A19103F-16F7-4668-BE54-9A1E7A4F7556}") = "DemoBot", "DemoBot.csproj", "{AAFFB31D-4F34-4231-A39B-D7A6939170FF}"
EndProject
Global
	GlobalSection(SolutionConfigurationPlatforms) = preSolution
		Debug|Any CPU = Debug|Any CPU
		Release|Any CPU = Release|Any CPU
	EndGlobalSection
	GlobalSection(ProjectConfigurationPlatforms) = postSolution
		{AAFFB31D-4F34-4231-A39B-D7A6939170FF}.Debug|Any CPU.ActiveCfg = Debug|Any CPU
		{AAFFB31D-4F34-4231-A39B-D7A6939170FF}.Debug|Any CPU.Build.0 = Debug|Any CPU
		{AAFFB31D-4F34-4231-A39B-D7A6939170FF}.Release|Any CPU.ActiveCfg = Release|Any CPU
		{AAFFB31D-4F34-4231-A39B-D7A6939170FF}.Release|Any CPU.Build.0 = Release|Any CPU
	EndGlobalSection
	GlobalSection(SolutionProperties) = preSolution
		HideSolutionNode = FALSE
	EndGlobalSection
	GlobalSection(ExtensibilityGlobals) = postSolution
		SolutionGuid = {81D84F58-247B-490C-B503-59DF19FDC336}
	EndGlobalSection
EndGlobal
